
Microsoft Visual Studio Solution File, Format Version 12.00
Project("{FAE04EC0-301F-11D3-BF4B-00C04F79EFBC}") = "ImmersingLinker.Core", "ImmersingLinker.Core\ImmersingLinker.Core.csproj", "{6D6786D8-AB37-46F9-865F-0BC60CB78B4C}"
EndProject
Project("{FAE04EC0-301F-11D3-BF4B-00C04F79EFBC}") = "ImmersingLinker.SDK", "ImmersingLinker.SDK\ImmersingLinker.SDK.csproj", "{25EA10BF-5991-4C81-AD26-8372645CB822}"
EndProject
Project("{FAE04EC0-301F-11D3-BF4B-00C04F79EFBC}") = "ImmersingLinker.Server", "ImmersingLinker.Server\ImmersingLinker.Server.csproj", "{05B56D3D-7839-456F-A272-43DFFD1E3B5F}"
EndProject
Project("{FAE04EC0-301F-11D3-BF4B-00C04F79EFBC}") = "ImmersingLinker.Test", "ImmersingLinker.Test\ImmersingLinker.Test.csproj", "{EAA2C08E-027A-4999-AF67-540B4892B9F0}"
EndProject
Project("{FAE04EC0-301F-11D3-BF4B-00C04F79EFBC}") = "ImmersingLinker.UI", "ImmersingLinker.UI\ImmersingLinker.UI.csproj", "{7270737D-313A-4495-A237-DB9AEE121B9A}"
EndProject
Global
	GlobalSection(SolutionConfigurationPlatforms) = preSolution
		Debug|Any CPU = Debug|Any CPU
		Release|Any CPU = Release|Any CPU
	EndGlobalSection
	GlobalSection(ProjectConfigurationPlatforms) = postSolution
		{6D6786D8-AB37-46F9-865F-0BC60CB78B4C}.Debug|Any CPU.ActiveCfg = Debug|Any CPU
		{6D6786D8-AB37-46F9-865F-0BC60CB78B4C}.Debug|Any CPU.Build.0 = Debug|Any CPU
		{6D6786D8-AB37-46F9-865F-0BC60CB78B4C}.Release|Any CPU.ActiveCfg = Release|Any CPU
		{6D6786D8-AB37-46F9-865F-0BC60CB78B4C}.Release|Any CPU.Build.0 = Release|Any CPU
		{25EA10BF-5991-4C81-AD26-8372645CB822}.Debug|Any CPU.ActiveCfg = Debug|Any CPU
		{25EA10BF-5991-4C81-AD26-8372645CB822}.Debug|Any CPU.Build.0 = Debug|Any CPU
		{25EA10BF-5991-4C81-AD26-8372645CB822}.Release|Any CPU.ActiveCfg = Release|Any CPU
		{25EA10BF-5991-4C81-AD26-8372645CB822}.Release|Any CPU.Build.0 = Release|Any CPU
		{05B56D3D-7839-456F-A272-43DFFD1E3B5F}.Debug|Any CPU.ActiveCfg = Debug|Any CPU
		{05B56D3D-7839-456F-A272-43DFFD1E3B5F}.Debug|Any CPU.Build.0 = Debug|Any CPU
		{05B56D3D-7839-456F-A272-43DFFD1E3B5F}.Release|Any CPU.ActiveCfg = Release|Any CPU
		{05B56D3D-7839-456F-A272-43DFFD1E3B5F}.Release|Any CPU.Build.0 = Release|Any CPU
		{EAA2C08E-027A-4999-AF67-540B4892B9F0}.Debug|Any CPU.ActiveCfg = Debug|Any CPU
		{EAA2C08E-027A-4999-AF67-540B4892B9F0}.Debug|Any CPU.Build.0 = Debug|Any CPU
		{EAA2C08E-027A-4999-AF67-540B4892B9F0}.Release|Any CPU.ActiveCfg = Release|Any CPU
		{EAA2C08E-027A-4999-AF67-540B4892B9F0}.Release|Any CPU.Build.0 = Release|Any CPU
		{7270737D-313A-4495-A237-DB9AEE121B9A}.Debug|Any CPU.ActiveCfg = Debug|Any CPU
		{7270737D-313A-4495-A237-DB9AEE121B9A}.Debug|Any CPU.Build.0 = Debug|Any CPU
		{7270737D-313A-4495-A237-DB9AEE121B9A}.Release|Any CPU.ActiveCfg = Release|Any CPU
		{7270737D-313A-4495-A237-DB9AEE121B9A}.Release|Any CPU.Build.0 = Release|Any CPU
	EndGlobalSection
EndGlobal
